
Microsoft Visual Studio Solution File, Format Version 12.00
# Visual Studio Version 16
VisualStudioVersion = 16.0.32228.547
MinimumVisualStudioVersion = 10.0.40219.1
Project("{FAE04EC0-301F-11D3-BF4B-00C04F79EFBC}") = "RoleBasedAuth", "RoleBasedAuth\RoleBasedAuth.csproj", "{B1C89A94-CD48-410B-987C-2C37C7658EAF}"
EndProject
Global
	GlobalSection(SolutionConfigurationPlatforms) = preSolution
		Debug|Any CPU = Debug|Any CPU
		Release|Any CPU = Release|Any CPU
	EndGlobalSection
	GlobalSection(ProjectConfigurationPlatforms) = postSolution
		{B1C89A94-CD48-410B-987C-2C37C7658EAF}.Debug|Any CPU.ActiveCfg = Debug|Any CPU
		{B1C89A94-CD48-410B-987C-2C37C7658EAF}.Debug|Any CPU.Build.0 = Debug|Any CPU
		{B1C89A94-CD48-410B-987C-2C37C7658EAF}.Release|Any CPU.ActiveCfg = Release|Any CPU
		{B1C89A94-CD48-410B-987C-2C37C7658EAF}.Release|Any CPU.Build.0 = Release|Any CPU
	EndGlobalSection
	GlobalSection(SolutionProperties) = preSolution
		HideSolutionNode = FALSE
	EndGlobalSection
	GlobalSection(ExtensibilityGlobals) = postSolution
		SolutionGuid = {BE930C7F-F931-4F3D-9E0A-3B12EAE1B28C}
	EndGlobalSection
EndGlobal
